{
  "requires": true,
  "lockfileVersion": 1,
  "dependencies": {
    "react-editext": {
      "version": "3.16.1",
      "resolved": "https://registry.npmjs.org/react-editext/-/react-editext-3.16.1.tgz",
      "integrity": "sha512-DjKuszBSSHAWpDrTpPDex6hSq36sQ2Ui2qsdY2NNoo8jqxcqeK9cQZyrrGSAn5ILfDfmT3+3AE/LBA6VdezsuA=="
    }
  }
}
